
Microsoft Visual Studio Solution File, Format Version 12.00
# Visual Studio Version 17
VisualStudioVersion = 17.9.34728.123
MinimumVisualStudioVersion = 10.0.40219.1
Project("{FAE04EC0-301F-11D3-BF4B-00C04F79EFBC}") = "satinalma", "satinalma\satinalma.csproj", "{B346F151-650D-407E-8229-0E23E3069FC3}"
EndProject
Global
	GlobalSection(SolutionConfigurationPlatforms) = preSolution
		Debug|Any CPU = Debug|Any CPU
		Release|Any CPU = Release|Any CPU
	EndGlobalSection
	GlobalSection(ProjectConfigurationPlatforms) = postSolution
		{B346F151-650D-407E-8229-0E23E3069FC3}.Debug|Any CPU.ActiveCfg = Debug|Any CPU
		{B346F151-650D-407E-8229-0E23E3069FC3}.Debug|Any CPU.Build.0 = Debug|Any CPU
		{B346F151-650D-407E-8229-0E23E3069FC3}.Release|Any CPU.ActiveCfg = Release|Any CPU
		{B346F151-650D-407E-8229-0E23E3069FC3}.Release|Any CPU.Build.0 = Release|Any CPU
	EndGlobalSection
	GlobalSection(SolutionProperties) = preSolution
		HideSolutionNode = FALSE
	EndGlobalSection
	GlobalSection(ExtensibilityGlobals) = postSolution
		SolutionGuid = {33BE3634-C2CF-4A6C-B2CE-4B6DDFB76692}
	EndGlobalSection
EndGlobal
